// !$*UTF8*$!
{
	archiveVersion = 1;
	classes = {
	};
	objectVersion = 46;
	objects = {

/* Begin PBXBuildFile section */
		E7C21CC7EF751765F68599EE /* Pods_BirdMap.framework in Frameworks */ = {isa = PBXBuildFile; fileRef = 0B654AD530756786D5492845 /* Pods_BirdMap.framework */; };
		EE31D5921ECBA95600AEE12F /* AppDelegate.swift in Sources */ = {isa = PBXBuildFile; fileRef = EE31D5911ECBA95600AEE12F /* AppDelegate.swift */; };
		EE31D5941ECBA95600AEE12F /* ViewController.swift in Sources */ = {isa = PBXBuildFile; fileRef = EE31D5931ECBA95600AEE12F /* ViewController.swift */; };
		EE31D5971ECBA95600AEE12F /* Main.storyboard in Resources */ = {isa = PBXBuildFile; fileRef = EE31D5951ECBA95600AEE12F /* Main.storyboard */; };
		EE31D5991ECBA95600AEE12F /* Assets.xcassets in Resources */ = {isa = PBXBuildFile; fileRef = EE31D5981ECBA95600AEE12F /* Assets.xcassets */; };
		EE31D59C1ECBA95600AEE12F /* LaunchScreen.storyboard in Resources */ = {isa = PBXBuildFile; fileRef = EE31D59A1ECBA95600AEE12F /* LaunchScreen.storyboard */; };
/* End PBXBuildFile section */

/* Begin PBXFileReference section */
		0B654AD530756786D5492845 /* Pods_BirdMap.framework */ = {isa = PBXFileReference; explicitFileType = wrapper.framework; includeInIndex = 0; path = Pods_BirdMap.framework; sourceTree = BUILT_PRODUCTS_DIR; };
		B7434B0C8D08BD046777EEEA /* Pods-BirdMap.debug.xcconfig */ = {isa = PBXFileReference; includeInIndex = 1; lastKnownFileType = text.xcconfig; name = "Pods-BirdMap.debug.xcconfig"; path = "Pods/Target Support Files/Pods-BirdMap/Pods-BirdMap.debug.xcconfig"; sourceTree = "<group>"; };
		CE67FC1FA618CE4E71042AD3 /* Pods-BirdMap.release.xcconfig */ = {isa = PBXFileReference; includeInIndex = 1; lastKnownFileType = text.xcconfig; name = "Pods-BirdMap.release.xcconfig"; path = "Pods/Target Support Files/Pods-BirdMap/Pods-BirdMap.release.xcconfig"; sourceTree = "<group>"; };
		EE31D58E1ECBA95600AEE12F /* BirdMap.app */ = {isa = PBXFileReference; explicitFileType = wrapper.application; includeInIndex = 0; path = BirdMap.app; sourceTree = BUILT_PRODUCTS_DIR; };
		EE31D5911ECBA95600AEE12F /* AppDelegate.swift */ = {isa = PBXFileReference; lastKnownFileType = sourcecode.swift; path = AppDelegate.swift; sourceTree = "<group>"; };
		EE31D5931ECBA95600AEE12F /* ViewController.swift */ = {isa = PBXFileReference; lastKnownFileType = sourcecode.swift; path = ViewController.swift; sourceTree = "<group>"; };
		EE31D5961ECBA95600AEE12F /* Base */ = {isa = PBXFileReference; lastKnownFileType = file.storyboard; name = Base; path = Base.lproj/Main.storyboard; sourceTree = "<group>"; };
		EE31D5981ECBA95600AEE12F /* Assets.xcassets */ = {isa = PBXFileReference; lastKnownFileType = folder.assetcatalog; path = Assets.xcassets; sourceTree = "<group>"; };
		EE31D59B1ECBA95600AEE12F /* Base */ = {isa = PBXFileReference; lastKnownFileType = file.storyboard; name = Base; path = Base.lproj/LaunchScreen.storyboard; sourceTree = "<group>"; };
		EE31D59D1ECBA95600AEE12F /* Info.plist */ = {isa = PBXFileReference; lastKnownFileType = text.plist.xml; path = Info.plist; sourceTree = "<group>"; };
/* End PBXFileReference section */

/* Begin PBXFrameworksBuildPhase section */
		EE31D58B1ECBA95600AEE12F /* Frameworks */ = {
			isa = PBXFrameworksBuildPhase;
			buildActionMask = 2147483647;
			files = (
				E7C21CC7EF751765F68599EE /* Pods_BirdMap.framework in Frameworks */,
			);
			runOnlyForDeploymentPostprocessing = 0;
		};
/* End PBXFrameworksBuildPhase section */

/* Begin PBXGroup section */
		9B89C2F98E8FD2B5FE50D656 /* Frameworks */ = {
			isa = PBXGroup;
			children = (
				0B654AD530756786D5492845 /* Pods_BirdMap.framework */,
			);
			name = Frameworks;
			sourceTree = "<group>";
		};
		9CAEB0416BD9E053D80BB4F5 /* Pods */ = {
			isa = PBXGroup;
			children = (
				B7434B0C8D08BD046777EEEA /* Pods-BirdMap.debug.xcconfig */,
				CE67FC1FA618CE4E71042AD3 /* Pods-BirdMap.release.xcconfig */,
			);
			name = Pods;
			sourceTree = "<group>";
		};
		EE31D5851ECBA95500AEE12F = {
			isa = PBXGroup;
			children = (
				EE31D5901ECBA95600AEE12F /* BirdMap */,
				EE31D58F1ECBA95600AEE12F /* Products */,
				9CAEB0416BD9E053D80BB4F5 /* Pods */,
				9B89C2F98E8FD2B5FE50D656 /* Frameworks */,
			);
			sourceTree = "<group>";
		};
		EE31D58F1ECBA95600AEE12F /* Products */ = {
			isa = PBXGroup;
			children = (
				EE31D58E1ECBA95600AEE12F /* BirdMap.app */,
			);
			name = Products;
			sourceTree = "<group>";
		};
		EE31D5901ECBA95600AEE12F /* BirdMap */ = {
			isa = PBXGroup;
			children = (
				EE31D5911ECBA95600AEE12F /* AppDelegate.swift */,
				EE31D5931ECBA95600AEE12F /* ViewController.swift */,
				EE31D5951ECBA95600AEE12F /* Main.storyboard */,
				EE31D5981ECBA95600AEE12F /* Assets.xcassets */,
				EE31D59A1ECBA95600AEE12F /* LaunchScreen.storyboard */,
				EE31D59D1ECBA95600AEE12F /* Info.plist */,
			);
			path = BirdMap;
			sourceTree = "<group>";
		};
/* End PBXGroup section */

/* Begin PBXNativeTarget section */
		EE31D58D1ECBA95600AEE12F /* BirdMap */ = {
			isa = PBXNativeTarget;
			buildConfigurationList = EE31D5A01ECBA95600AEE12F /* Build configuration list for PBXNativeTarget "BirdMap" */;
			buildPhases = (
				E05750D98C2019B700D81A3A /* [CP] Check Pods Manifest.lock */,
				EE31D58A1ECBA95600AEE12F /* Sources */,
				EE31D58B1ECBA95600AEE12F /* Frameworks */,
				EE31D58C1ECBA95600AEE12F /* Resources */,
				08C2281AC42DB1FD899AA017 /* [CP] Embed Pods Frameworks */,
				0FF3B0D16106DA7BA83E897F /* [CP] Copy Pods Resources */,
			);
			buildRules = (
			);
			dependencies = (
			);
			name = BirdMap;
			productName = BirdMap;
			productReference = EE31D58E1ECBA95600AEE12F /* BirdMap.app */;
			productType = "com.apple.product-type.application";
		};
/* End PBXNativeTarget section */

/* Begin PBXProject section */
		EE31D5861ECBA95600AEE12F /* Project object */ = {
			isa = PBXProject;
			attributes = {
				LastSwiftUpdateCheck = 0830;
				LastUpgradeCheck = 0830;
				ORGANIZATIONNAME = "Phuoc Tran";
				TargetAttributes = {
					EE31D58D1ECBA95600AEE12F = {
						CreatedOnToolsVersion = 8.3.1;
						DevelopmentTeam = SAZ499KRSP;
						ProvisioningStyle = Automatic;
					};
				};
			};
			buildConfigurationList = EE31D5891ECBA95600AEE12F /* Build configuration list for PBXProject "BirdMap" */;
			compatibilityVersion = "Xcode 3.2";
			developmentRegion = English;
			hasScannedForEncodings = 0;
			knownRegions = (
				en,
				Base,
			);
			mainGroup = EE31D5851ECBA95500AEE12F;
			productRefGroup = EE31D58F1ECBA95600AEE12F /* Products */;
			projectDirPath = "";
			projectRoot = "";
			targets = (
				EE31D58D1ECBA95600AEE12F /* BirdMap */,
			);
		};
/* End PBXProject section */

/* Begin PBXResourcesBuildPhase section */
		EE31D58C1ECBA95600AEE12F /* Resources */ = {
			isa = PBXResourcesBuildPhase;
			buildActionMask = 2147483647;
			files = (
				EE31D59C1ECBA95600AEE12F /* LaunchScreen.storyboard in Resources */,
				EE31D5991ECBA95600AEE12F /* Assets.xcassets in Resources */,
				EE31D5971ECBA95600AEE12F /* Main.storyboard in Resources */,
			);
			runOnlyForDeploymentPostprocessing = 0;
		};
/* End PBXResourcesBuildPhase section */

/* Begin PBXShellScriptBuildPhase section */
		08C2281AC42DB1FD899AA017 /* [CP] Embed Pods Frameworks */ = {
			isa = PBXShellScriptBuildPhase;
			buildActionMask = 2147483647;
			files = (
			);
			inputPaths = (
			);
			name = "[CP] Embed Pods Frameworks";
			outputPaths = (
			);
			runOnlyForDeploymentPostprocessing = 0;
			shellPath = /bin/sh;
			shellScript = "\"${SRCROOT}/Pods/Target Support Files/Pods-BirdMap/Pods-BirdMap-frameworks.sh\"\n";
			showEnvVarsInLog = 0;
		};
		0FF3B0D16106DA7BA83E897F /* [CP] Copy Pods Resources */ = {
			isa = PBXShellScriptBuildPhase;
			buildActionMask = 2147483647;
			files = (
			);
			inputPaths = (
			);
			name = "[CP] Copy Pods Resources";
			outputPaths = (
			);
			runOnlyForDeploymentPostprocessing = 0;
			shellPath = /bin/sh;
			shellScript = "\"${SRCROOT}/Pods/Target Support Files/Pods-BirdMap/Pods-BirdMap-resources.sh\"\n";
			showEnvVarsInLog = 0;
		};
		E05750D98C2019B700D81A3A /* [CP] Check Pods Manifest.lock */ = {
			isa = PBXShellScriptBuildPhase;
			buildActionMask = 2147483647;
			files = (
			);
			inputPaths = (
			);
			name = "[CP] Check Pods Manifest.lock";
			outputPaths = (
			);
			runOnlyForDeploymentPostprocessing = 0;
			shellPath = /bin/sh;
			shellScript = "diff \"${PODS_PODFILE_DIR_PATH}/Podfile.lock\" \"${PODS_ROOT}/Manifest.lock\" > /dev/null\nif [ $? != 0 ] ; then\n    # print error to STDERR\n    echo \"error: The sandbox is not in sync with the Podfile.lock. Run 'pod install' or update your CocoaPods installation.\" >&2\n    exit 1\nfi\n";
			showEnvVarsInLog = 0;
		};
/* End PBXShellScriptBuildPhase section */

/* Begin PBXSourcesBuildPhase section */
		EE31D58A1ECBA95600AEE12F /* Sources */ = {
			isa = PBXSourcesBuildPhase;
			buildActionMask = 2147483647;
			files = (
				EE31D5941ECBA95600AEE12F /* ViewController.swift in Sources */,
				EE31D5921ECBA95600AEE12F /* AppDelegate.swift in Sources */,
			);
			runOnlyForDeploymentPostprocessing = 0;
		};
/* End PBXSourcesBuildPhase section */

/* Begin PBXVariantGroup section */
		EE31D5951ECBA95600AEE12F /* Main.storyboard */ = {
			isa = PBXVariantGroup;
			children = (
				EE31D5961ECBA95600AEE12F /* Base */,
			);
			name = Main.storyboard;
			sourceTree = "<group>";
		};
		EE31D59A1ECBA95600AEE12F /* LaunchScreen.storyboard */ = {
			isa = PBXVariantGroup;
			children = (
				EE31D59B1ECBA95600AEE12F /* Base */,
			);
			name = LaunchScreen.storyboard;
			sourceTree = "<group>";
		};
/* End PBXVariantGroup section */

/* Begin XCBuildConfiguration section */
		EE31D59E1ECBA95600AEE12F /* Debug */ = {
			isa = XCBuildConfiguration;
			buildSettings = {
				ALWAYS_SEARCH_USER_PATHS = NO;
				CLANG_ANALYZER_NONNULL = YES;
				CLANG_ANALYZER_NUMBER_OBJECT_CONVERSION = YES_AGGRESSIVE;
				CLANG_CXX_LANGUAGE_STANDARD = "gnu++0x";
				CLANG_CXX_LIBRARY = "libc++";
				CLANG_ENABLE_MODULES = YES;
				CLANG_ENABLE_OBJC_ARC = YES;
				CLANG_WARN_BOOL_CONVERSION = YES;
				CLANG_WARN_CONSTANT_CONVERSION = YES;
				CLANG_WARN_DIRECT_OBJC_ISA_USAGE = YES_ERROR;
				CLANG_WARN_DOCUMENTATION_COMMENTS = YES;
				CLANG_WARN_EMPTY_BODY = YES;
				CLANG_WARN_ENUM_CONVERSION = YES;
				CLANG_WARN_INFINITE_RECURSION = YES;
				CLANG_WARN_INT_CONVERSION = YES;
				CLANG_WARN_OBJC_ROOT_CLASS = YES_ERROR;
				CLANG_WARN_SUSPICIOUS_MOVE = YES;
				CLANG_WARN_UNREACHABLE_CODE = YES;
				CLANG_WARN__DUPLICATE_METHOD_MATCH = YES;
				"CODE_SIGN_IDENTITY[sdk=iphoneos*]" = "iPhone Developer";
				COPY_PHASE_STRIP = NO;
				DEBUG_INFORMATION_FORMAT = dwarf;
				ENABLE_STRICT_OBJC_MSGSEND = YES;
				ENABLE_TESTABILITY = YES;
				GCC_C_LANGUAGE_STANDARD = gnu99;
				GCC_DYNAMIC_NO_PIC = NO;
				GCC_NO_COMMON_BLOCKS = YES;
				GCC_OPTIMIZATION_LEVEL = 0;
				GCC_PREPROCESSOR_DEFINITIONS = (
					"DEBUG=1",
					"$(inherited)",
				);
				GCC_WARN_64_TO_32_BIT_CONVERSION = YES;
				GCC_WARN_ABOUT_RETURN_TYPE = YES_ERROR;
				GCC_WARN_UNDECLARED_SELECTOR = YES;
				GCC_WARN_UNINITIALIZED_AUTOS = YES_AGGRESSIVE;
				GCC_WARN_UNUSED_FUNCTION = YES;
				GCC_WARN_UNUSED_VARIABLE = YES;
				IPHONEOS_DEPLOYMENT_TARGET = 10.3;
				MTL_ENABLE_DEBUG_INFO = YES;
				ONLY_ACTIVE_ARCH = YES;
				SDKROOT = iphoneos;
				SWIFT_ACTIVE_COMPILATION_CONDITIONS = DEBUG;
				SWIFT_OPTIMIZATION_LEVEL = "-Onone";
				TARGETED_DEVICE_FAMILY = "1,2";
			};
			name = Debug;
		};
		EE31D59F1ECBA95600AEE12F /* Release */ = {
			isa = XCBuildConfiguration;
			buildSettings = {
				ALWAYS_SEARCH_USER_PATHS = NO;
				CLANG_ANALYZER_NONNULL = YES;
				CLANG_ANALYZER_NUMBER_OBJECT_CONVERSION = YES_AGGRESSIVE;
				CLANG_CXX_LANGUAGE_STANDARD = "gnu++0x";
				CLANG_CXX_LIBRARY = "libc++";
				CLANG_ENABLE_MODULES = YES;
				CLANG_ENABLE_OBJC_ARC = YES;
				CLANG_WARN_BOOL_CONVERSION = YES;
				CLANG_WARN_CONSTANT_CONVERSION = YES;
				CLANG_WARN_DIRECT_OBJC_ISA_USAGE = YES_ERROR;
				CLANG_WARN_DOCUMENTATION_COMMENTS = YES;
				CLANG_WARN_EMPTY_BODY = YES;
				CLANG_WARN_ENUM_CONVERSION = YES;
				CLANG_WARN_INFINITE_RECURSION = YES;
				CLANG_WARN_INT_CONVERSION = YES;
				CLANG_WARN_OBJC_ROOT_CLASS = YES_ERROR;
				CLANG_WARN_SUSPICIOUS_MOVE = YES;
				CLANG_WARN_UNREACHABLE_CODE = YES;
				CLANG_WARN__DUPLICATE_METHOD_MATCH = YES;
				"CODE_SIGN_IDENTITY[sdk=iphoneos*]" = "iPhone Developer";
				COPY_PHASE_STRIP = NO;
				DEBUG_INFORMATION_FORMAT = "dwarf-with-dsym";
				ENABLE_NS_ASSERTIONS = NO;
				ENABLE_STRICT_OBJC_MSGSEND = YES;
				GCC_C_LANGUAGE_STANDARD = gnu99;
				GCC_NO_COMMON_BLOCKS = YES;
				GCC_WARN_64_TO_32_BIT_CONVERSION = YES;
				GCC_WARN_ABOUT_RETURN_TYPE = YES_ERROR;
				GCC_WARN_UNDECLARED_SELECTOR = YES;
				GCC_WARN_UNINITIALIZED_AUTOS = YES_AGGRESSIVE;
				GCC_WARN_UNUSED_FUNCTION = YES;
				GCC_WARN_UNUSED_VARIABLE = YES;
				IPHONEOS_DEPLOYMENT_TARGET = 10.3;
				MTL_ENABLE_DEBUG_INFO = NO;
				SDKROOT = iphoneos;
				SWIFT_OPTIMIZATION_LEVEL = "-Owholemodule";
				TARGETED_DEVICE_FAMILY = "1,2";
				VALIDATE_PRODUCT = YES;
			};
			name = Release;
		};
		EE31D5A11ECBA95600AEE12F /* Debug */ = {
			isa = XCBuildConfiguration;
			baseConfigurationReference = B7434B0C8D08BD046777EEEA /* Pods-BirdMap.debug.xcconfig */;
			buildSettings = {
				ASSETCATALOG_COMPILER_APPICON_NAME = AppIcon;
				DEVELOPMENT_TEAM = SAZ499KRSP;
				INFOPLIST_FILE = BirdMap/Info.plist;
				LD_RUNPATH_SEARCH_PATHS = "$(inherited) @executable_path/Frameworks";
				PRODUCT_BUNDLE_IDENTIFIER = com.ttphc.BirdMap;
				PRODUCT_NAME = "$(TARGET_NAME)";
				SWIFT_VERSION = 3.0;
			};
			name = Debug;
		};
		EE31D5A21ECBA95600AEE12F /* Release */ = {
			isa = XCBuildConfiguration;
			baseConfigurationReference = CE67FC1FA618CE4E71042AD3 /* Pods-BirdMap.release.xcconfig */;
			buildSettings = {
				ASSETCATALOG_COMPILER_APPICON_NAME = AppIcon;
				DEVELOPMENT_TEAM = SAZ499KRSP;
				INFOPLIST_FILE = BirdMap/Info.plist;
				LD_RUNPATH_SEARCH_PATHS = "$(inherited) @executable_path/Frameworks";
				PRODUCT_BUNDLE_IDENTIFIER = com.ttphc.BirdMap;
				PRODUCT_NAME = "$(TARGET_NAME)";
				SWIFT_VERSION = 3.0;
			};
			name = Release;
		};
/* End XCBuildConfiguration section */

/* Begin XCConfigurationList section */
		EE31D5891ECBA95600AEE12F /* Build configuration list for PBXProject "BirdMap" */ = {
			isa = XCConfigurationList;
			buildConfigurations = (
				EE31D59E1ECBA95600AEE12F /* Debug */,
				EE31D59F1ECBA95600AEE12F /* Release */,
			);
			defaultConfigurationIsVisible = 0;
			defaultConfigurationName = Release;
		};
		EE31D5A01ECBA95600AEE12F /* Build configuration list for PBXNativeTarget "BirdMap" */ = {
			isa = XCConfigurationList;
			buildConfigurations = (
				EE31D5A11ECBA95600AEE12F /* Debug */,
				EE31D5A21ECBA95600AEE12F /* Release */,
			);
			defaultConfigurationIsVisible = 0;
		};
/* End XCConfigurationList section */
	};
	rootObject = EE31D5861ECBA95600AEE12F /* Project object */;
}
